
Microsoft Visual Studio Solution File, Format Version 12.00
# Visual Studio Version 17
VisualStudioVersion = 17.13.35617.110 d17.13
MinimumVisualStudioVersion = 10.0.40219.1
Project("{54A90642-561A-4BB1-A94E-469ADEE60C69}") = "sdk", "sdk\sdk.esproj", "{3E810FDC-B9F4-4168-6D50-234A61F70CAF}"
EndProject
Global
	GlobalSection(SolutionConfigurationPlatforms) = preSolution
		Debug|Any CPU = Debug|Any CPU
		Release|Any CPU = Release|Any CPU
	EndGlobalSection
	GlobalSection(ProjectConfigurationPlatforms) = postSolution
		{3E810FDC-B9F4-4168-6D50-234A61F70CAF}.Debug|Any CPU.ActiveCfg = Debug|Any CPU
		{3E810FDC-B9F4-4168-6D50-234A61F70CAF}.Debug|Any CPU.Build.0 = Debug|Any CPU
		{3E810FDC-B9F4-4168-6D50-234A61F70CAF}.Debug|Any CPU.Deploy.0 = Debug|Any CPU
		{3E810FDC-B9F4-4168-6D50-234A61F70CAF}.Release|Any CPU.ActiveCfg = Release|Any CPU
		{3E810FDC-B9F4-4168-6D50-234A61F70CAF}.Release|Any CPU.Build.0 = Release|Any CPU
		{3E810FDC-B9F4-4168-6D50-234A61F70CAF}.Release|Any CPU.Deploy.0 = Release|Any CPU
	EndGlobalSection
	GlobalSection(SolutionProperties) = preSolution
		HideSolutionNode = FALSE
	EndGlobalSection
	GlobalSection(ExtensibilityGlobals) = postSolution
		SolutionGuid = {8FFE54CB-71D7-422C-87EE-3A636A2EDF6D}
	EndGlobalSection
EndGlobal
